
Microsoft Visual Studio Solution File, Format Version 12.00
# Visual Studio 15
VisualStudioVersion = 15.0.28010.2036
MinimumVisualStudioVersion = 10.0.40219.1
Project("{9A19103F-16F7-4668-BE54-9A1E7A4F7556}") = "BearMountain", "BearMountain\BearMountain.csproj", "{CE8E2042-9383-4D71-8D24-459CA7BF487C}"
EndProject
Project("{FAE04EC0-301F-11D3-BF4B-00C04F79EFBC}") = "BearMountainTests", "BearMountainTests\BearMountainTests.csproj", "{26A2E358-8639-45BF-AB38-020F2902A586}"
EndProject
Global
	GlobalSection(SolutionConfigurationPlatforms) = preSolution
		Debug|Any CPU = Debug|Any CPU
		Release|Any CPU = Release|Any CPU
	EndGlobalSection
	GlobalSection(ProjectConfigurationPlatforms) = postSolution
		{CE8E2042-9383-4D71-8D24-459CA7BF487C}.Debug|Any CPU.ActiveCfg = Debug|Any CPU
		{CE8E2042-9383-4D71-8D24-459CA7BF487C}.Debug|Any CPU.Build.0 = Debug|Any CPU
		{CE8E2042-9383-4D71-8D24-459CA7BF487C}.Release|Any CPU.ActiveCfg = Release|Any CPU
		{CE8E2042-9383-4D71-8D24-459CA7BF487C}.Release|Any CPU.Build.0 = Release|Any CPU
		{26A2E358-8639-45BF-AB38-020F2902A586}.Debug|Any CPU.ActiveCfg = Debug|Any CPU
		{26A2E358-8639-45BF-AB38-020F2902A586}.Debug|Any CPU.Build.0 = Debug|Any CPU
		{26A2E358-8639-45BF-AB38-020F2902A586}.Release|Any CPU.ActiveCfg = Release|Any CPU
		{26A2E358-8639-45BF-AB38-020F2902A586}.Release|Any CPU.Build.0 = Release|Any CPU
	EndGlobalSection
	GlobalSection(SolutionProperties) = preSolution
		HideSolutionNode = FALSE
	EndGlobalSection
	GlobalSection(ExtensibilityGlobals) = postSolution
		SolutionGuid = {924CF5D7-8D28-4E24-B338-1C043ABF12C3}
	EndGlobalSection
EndGlobal
